
Microsoft Visual Studio Solution File, Format Version 12.00
# Visual Studio 15
VisualStudioVersion = 15.0.26124.0
MinimumVisualStudioVersion = 15.0.26124.0
Project("{FAE04EC0-301F-11D3-BF4B-00C04F79EFBC}") = "LojaCoreFGB.Dominio", "LojaCoreFGB.Dominio\LojaCoreFGB.Dominio.csproj", "{48A708AB-9F09-4FDB-9F7A-12D2ED161E69}"
EndProject
Project("{FAE04EC0-301F-11D3-BF4B-00C04F79EFBC}") = "LojaCoreFGB.Repositorio", "LojaCoreFGB.Repositorio\LojaCoreFGB.Repositorio.csproj", "{F430AA66-CB67-4434-A726-679CEC3573A0}"
EndProject
Project("{FAE04EC0-301F-11D3-BF4B-00C04F79EFBC}") = "LojaCoreFGB.Web", "LojaCoreFGB.Web\LojaCoreFGB.Web.csproj", "{7F3503C2-A5DF-4278-94FF-6D8FEA8316A7}"
EndProject
Global
	GlobalSection(SolutionConfigurationPlatforms) = preSolution
		Debug|Any CPU = Debug|Any CPU
		Debug|x64 = Debug|x64
		Debug|x86 = Debug|x86
		Release|Any CPU = Release|Any CPU
		Release|x64 = Release|x64
		Release|x86 = Release|x86
	EndGlobalSection
	GlobalSection(SolutionProperties) = preSolution
		HideSolutionNode = FALSE
	EndGlobalSection
	GlobalSection(ProjectConfigurationPlatforms) = postSolution
		{48A708AB-9F09-4FDB-9F7A-12D2ED161E69}.Debug|Any CPU.ActiveCfg = Debug|Any CPU
		{48A708AB-9F09-4FDB-9F7A-12D2ED161E69}.Debug|Any CPU.Build.0 = Debug|Any CPU
		{48A708AB-9F09-4FDB-9F7A-12D2ED161E69}.Debug|x64.ActiveCfg = Debug|Any CPU
		{48A708AB-9F09-4FDB-9F7A-12D2ED161E69}.Debug|x64.Build.0 = Debug|Any CPU
		{48A708AB-9F09-4FDB-9F7A-12D2ED161E69}.Debug|x86.ActiveCfg = Debug|Any CPU
		{48A708AB-9F09-4FDB-9F7A-12D2ED161E69}.Debug|x86.Build.0 = Debug|Any CPU
		{48A708AB-9F09-4FDB-9F7A-12D2ED161E69}.Release|Any CPU.ActiveCfg = Release|Any CPU
		{48A708AB-9F09-4FDB-9F7A-12D2ED161E69}.Release|Any CPU.Build.0 = Release|Any CPU
		{48A708AB-9F09-4FDB-9F7A-12D2ED161E69}.Release|x64.ActiveCfg = Release|Any CPU
		{48A708AB-9F09-4FDB-9F7A-12D2ED161E69}.Release|x64.Build.0 = Release|Any CPU
		{48A708AB-9F09-4FDB-9F7A-12D2ED161E69}.Release|x86.ActiveCfg = Release|Any CPU
		{48A708AB-9F09-4FDB-9F7A-12D2ED161E69}.Release|x86.Build.0 = Release|Any CPU
		{F430AA66-CB67-4434-A726-679CEC3573A0}.Debug|Any CPU.ActiveCfg = Debug|Any CPU
		{F430AA66-CB67-4434-A726-679CEC3573A0}.Debug|Any CPU.Build.0 = Debug|Any CPU
		{F430AA66-CB67-4434-A726-679CEC3573A0}.Debug|x64.ActiveCfg = Debug|Any CPU
		{F430AA66-CB67-4434-A726-679CEC3573A0}.Debug|x64.Build.0 = Debug|Any CPU
		{F430AA66-CB67-4434-A726-679CEC3573A0}.Debug|x86.ActiveCfg = Debug|Any CPU
		{F430AA66-CB67-4434-A726-679CEC3573A0}.Debug|x86.Build.0 = Debug|Any CPU
		{F430AA66-CB67-4434-A726-679CEC3573A0}.Release|Any CPU.ActiveCfg = Release|Any CPU
		{F430AA66-CB67-4434-A726-679CEC3573A0}.Release|Any CPU.Build.0 = Release|Any CPU
		{F430AA66-CB67-4434-A726-679CEC3573A0}.Release|x64.ActiveCfg = Release|Any CPU
		{F430AA66-CB67-4434-A726-679CEC3573A0}.Release|x64.Build.0 = Release|Any CPU
		{F430AA66-CB67-4434-A726-679CEC3573A0}.Release|x86.ActiveCfg = Release|Any CPU
		{F430AA66-CB67-4434-A726-679CEC3573A0}.Release|x86.Build.0 = Release|Any CPU
		{7F3503C2-A5DF-4278-94FF-6D8FEA8316A7}.Debug|Any CPU.ActiveCfg = Debug|Any CPU
		{7F3503C2-A5DF-4278-94FF-6D8FEA8316A7}.Debug|Any CPU.Build.0 = Debug|Any CPU
		{7F3503C2-A5DF-4278-94FF-6D8FEA8316A7}.Debug|x64.ActiveCfg = Debug|Any CPU
		{7F3503C2-A5DF-4278-94FF-6D8FEA8316A7}.Debug|x64.Build.0 = Debug|Any CPU
		{7F3503C2-A5DF-4278-94FF-6D8FEA8316A7}.Debug|x86.ActiveCfg = Debug|Any CPU
		{7F3503C2-A5DF-4278-94FF-6D8FEA8316A7}.Debug|x86.Build.0 = Debug|Any CPU
		{7F3503C2-A5DF-4278-94FF-6D8FEA8316A7}.Release|Any CPU.ActiveCfg = Release|Any CPU
		{7F3503C2-A5DF-4278-94FF-6D8FEA8316A7}.Release|Any CPU.Build.0 = Release|Any CPU
		{7F3503C2-A5DF-4278-94FF-6D8FEA8316A7}.Release|x64.ActiveCfg = Release|Any CPU
		{7F3503C2-A5DF-4278-94FF-6D8FEA8316A7}.Release|x64.Build.0 = Release|Any CPU
		{7F3503C2-A5DF-4278-94FF-6D8FEA8316A7}.Release|x86.ActiveCfg = Release|Any CPU
		{7F3503C2-A5DF-4278-94FF-6D8FEA8316A7}.Release|x86.Build.0 = Release|Any CPU
	EndGlobalSection
EndGlobal
